{"version":4,"terraform_version":"1.10.7","serial":1,"lineage":"7973bdb0-a24e-7c79-c518-4d5665fbed87","outputs":{},"resources":[{"module":"module.sensor_nodes[\"Sensor\"]","mode":"managed","type":"proxmox_virtual_environment_vm","name":"node","provider":"provider[\"registry.opentofu.org/bpg/proxmox\"]","instances":[{"status":"tainted","schema_version":0,"attributes":{"acpi":true,"agent":[],"amd_sev":[],"audio_device":[],"bios":"seabios","boot_order":null,"cdrom":[],"clone":[{"datastore_id":"","full":true,"node_name":"","retries":1,"vm_id":7000}],"cpu":[{"affinity":"","architecture":"","cores":4,"flags":null,"hotplugged":0,"limit":0,"numa":false,"sockets":1,"type":"host","units":100}],"description":null,"disk":[{"aio":"io_uring","backup":true,"cache":"none","datastore_id":"local","discard":"ignore","file_format":"","file_id":"","import_from":"","interface":"scsi0","iothread":false,"path_in_datastore":"","replicate":true,"serial":"","size":64,"speed":[],"ssd":false}],"efi_disk":[],"hook_script_file_id":null,"hostpci":[],"id":"312","initialization":[{"datastore_id":"local","dns":[],"interface":"","ip_config":[{"ipv4":[{"address":"dhcp","gateway":""}],"ipv6":[]}],"meta_data_file_id":"","network_data_file_id":"","type":"","user_account":[{"keys":[""],"password":"","username":"obelix"}],"user_data_file_id":"","vendor_data_file_id":""}],"ipv4_addresses":null,"ipv6_addresses":null,"keyboard_layout":"en-us","kvm_arguments":null,"mac_addresses":null,"machine":null,"memory":[{"dedicated":4096,"floating":0,"hugepages":"","keep_hugepages":false,"shared":0}],"migrate":false,"name":"Sensor","network_device":[{"bridge":"vmbr0","disconnected":false,"enabled":true,"firewall":false,"mac_address":"","model":"virtio","mtu":0,"queues":0,"rate_limit":0,"trunks":"","vlan_id":0},{"bridge":"vmbr1","disconnected":false,"enabled":true,"firewall":false,"mac_address":"","model":"virtio","mtu":0,"queues":0,"rate_limit":0,"trunks":"","vlan_id":0}],"network_interface_names":null,"node_name":"pve","numa":[],"on_boot":true,"operating_system":[],"pool_id":null,"protection":false,"reboot":false,"reboot_after_update":true,"rng":[],"scsi_hardware":"virtio-scsi-pci","serial_device":[],"smbios":[],"started":true,"startup":[],"stop_on_destroy":false,"tablet_device":true,"tags":null,"template":false,"timeout_clone":1800,"timeout_create":1800,"timeout_migrate":1800,"timeout_move_disk":1800,"timeout_reboot":1800,"timeout_shutdown_vm":1800,"timeout_start_vm":1800,"timeout_stop_vm":300,"tpm_state":[],"usb":[],"vga":null,"virtiofs":[],"vm_id":312,"watchdog":[]},"sensitive_attributes":[[{"type":"get_attr","value":"initialization"},{"type":"index","value":{"value":0,"type":"number"}},{"type":"get_attr","value":"user_account"},{"type":"index","value":{"value":0,"type":"number"}},{"type":"get_attr","value":"password"}]],"private":"bnVsbA=="}]},{"module":"module.wazuh_nodes[\"Wazuh-AIO\"]","mode":"managed","type":"proxmox_virtual_environment_vm","name":"node","provider":"provider[\"registry.opentofu.org/bpg/proxmox\"]","instances":[{"schema_version":0,"attributes":{"acpi":true,"agent":[],"amd_sev":[],"audio_device":[],"bios":"seabios","boot_order":null,"cdrom":[],"clone":[{"datastore_id":"","full":true,"node_name":"","retries":1,"vm_id":7000}],"cpu":[{"affinity":"","architecture":"","cores":4,"flags":null,"hotplugged":0,"limit":0,"numa":false,"sockets":1,"type":"host","units":100}],"description":null,"disk":[{"aio":"io_uring","backup":true,"cache":"none","datastore_id":"local","discard":"ignore","file_format":"raw","file_id":"","import_from":"","interface":"scsi0","iothread":false,"path_in_datastore":"311/vm-311-disk-0.raw","replicate":true,"serial":"","size":64,"speed":[],"ssd":false}],"efi_disk":[],"hook_script_file_id":null,"hostpci":[],"id":"311","initialization":[{"datastore_id":"local","dns":[],"interface":"ide2","ip_config":[{"ipv4":[{"address":"dhcp","gateway":""}],"ipv6":[]}],"meta_data_file_id":"","network_data_file_id":"","type":"","user_account":[{"keys":["ssh-ed25519 AAAAC3NzaC1lZDI1NTE5AAAAIEpEUfSwnLrijJRt75mKRRoRYZtK3eDhXpVkrX2IwB6z"],"password":"**********","username":"obelix"}],"user_data_file_id":"","vendor_data_file_id":""}],"ipv4_addresses":[],"ipv6_addresses":[],"keyboard_layout":"en-us","kvm_arguments":null,"mac_addresses":["BC:24:11:A5:D8:D4"],"machine":null,"memory":[{"dedicated":8192,"floating":0,"hugepages":"","keep_hugepages":false,"shared":0}],"migrate":false,"name":"Wazuh-AIO","network_device":[{"bridge":"vmbr0","disconnected":false,"enabled":true,"firewall":false,"mac_address":"BC:24:11:A5:D8:D4","model":"virtio","mtu":0,"queues":0,"rate_limit":0,"trunks":"","vlan_id":0}],"network_interface_names":[],"node_name":"pve","numa":[],"on_boot":true,"operating_system":[],"pool_id":"","protection":false,"reboot":false,"reboot_after_update":true,"rng":[],"scsi_hardware":"virtio-scsi-pci","serial_device":[],"smbios":[],"started":true,"startup":[],"stop_on_destroy":false,"tablet_device":true,"tags":null,"template":false,"timeout_clone":1800,"timeout_create":1800,"timeout_migrate":1800,"timeout_move_disk":1800,"timeout_reboot":1800,"timeout_shutdown_vm":1800,"timeout_start_vm":1800,"timeout_stop_vm":300,"tpm_state":[],"usb":[],"vga":[{"clipboard":"","memory":16,"type":"serial0"}],"virtiofs":[],"vm_id":311,"watchdog":[]},"sensitive_attributes":[[{"type":"get_attr","value":"initialization"},{"type":"index","value":{"value":0,"type":"number"}},{"type":"get_attr","value":"user_account"},{"type":"index","value":{"value":0,"type":"number"}},{"type":"get_attr","value":"password"}]],"private":"bnVsbA=="}]}],"check_results":null}
